// !$*UTF8*$!
{
	archiveVersion = 1;
	classes = {
	};
	objectVersion = 46;
	objects = {

/* Begin PBXBuildFile section */
		49142D071EF5B4DA00E3C789 /* SignInViewController.swift in Sources */ = {isa = PBXBuildFile; fileRef = 49142D061EF5B4DA00E3C789 /* SignInViewController.swift */; };
		49142D091EF5B54B00E3C789 /* SignInContact.swift in Sources */ = {isa = PBXBuildFile; fileRef = 49142D081EF5B54B00E3C789 /* SignInContact.swift */; };
		49142D0B1EF5B55B00E3C789 /* SignInPresenter.swift in Sources */ = {isa = PBXBuildFile; fileRef = 49142D0A1EF5B55B00E3C789 /* SignInPresenter.swift */; };
		49142D0D1EF5B57200E3C789 /* SignInPresatationControl.swift in Sources */ = {isa = PBXBuildFile; fileRef = 49142D0C1EF5B57200E3C789 /* SignInPresatationControl.swift */; };
		4983E97D1EF5708600FD7B59 /* AppDelegate.swift in Sources */ = {isa = PBXBuildFile; fileRef = 4983E97C1EF5708600FD7B59 /* AppDelegate.swift */; };
		4983E97F1EF5708600FD7B59 /* ViewController.swift in Sources */ = {isa = PBXBuildFile; fileRef = 4983E97E1EF5708600FD7B59 /* ViewController.swift */; };
		4983E9821EF5708600FD7B59 /* Main.storyboard in Resources */ = {isa = PBXBuildFile; fileRef = 4983E9801EF5708600FD7B59 /* Main.storyboard */; };
		4983E9841EF5708600FD7B59 /* Assets.xcassets in Resources */ = {isa = PBXBuildFile; fileRef = 4983E9831EF5708600FD7B59 /* Assets.xcassets */; };
		4983E9871EF5708600FD7B59 /* LaunchScreen.storyboard in Resources */ = {isa = PBXBuildFile; fileRef = 4983E9851EF5708600FD7B59 /* LaunchScreen.storyboard */; };
		4983E9931EF570AA00FD7B59 /* TestMVPContract.swift in Sources */ = {isa = PBXBuildFile; fileRef = 4983E98F1EF570AA00FD7B59 /* TestMVPContract.swift */; };
		4983E9941EF570AA00FD7B59 /* TestMVPPresentationControl.swift in Sources */ = {isa = PBXBuildFile; fileRef = 4983E9901EF570AA00FD7B59 /* TestMVPPresentationControl.swift */; };
		4983E9951EF570AA00FD7B59 /* TestMVPPresenter.swift in Sources */ = {isa = PBXBuildFile; fileRef = 4983E9911EF570AA00FD7B59 /* TestMVPPresenter.swift */; };
		4983E9961EF570AA00FD7B59 /* TestMVPViewController.swift in Sources */ = {isa = PBXBuildFile; fileRef = 4983E9921EF570AA00FD7B59 /* TestMVPViewController.swift */; };
		4983E9991EF5782000FD7B59 /* ListTableView.swift in Sources */ = {isa = PBXBuildFile; fileRef = 4983E9981EF5782000FD7B59 /* ListTableView.swift */; };
		4983E99B1EF5783B00FD7B59 /* CellUserDetails.swift in Sources */ = {isa = PBXBuildFile; fileRef = 4983E99A1EF5783B00FD7B59 /* CellUserDetails.swift */; };
		4983E99E1EF579FE00FD7B59 /* Products.swift in Sources */ = {isa = PBXBuildFile; fileRef = 4983E99D1EF579FE00FD7B59 /* Products.swift */; };
/* End PBXBuildFile section */

/* Begin PBXFileReference section */
		49142D061EF5B4DA00E3C789 /* SignInViewController.swift */ = {isa = PBXFileReference; fileEncoding = 4; lastKnownFileType = sourcecode.swift; path = SignInViewController.swift; sourceTree = "<group>"; };
		49142D081EF5B54B00E3C789 /* SignInContact.swift */ = {isa = PBXFileReference; fileEncoding = 4; lastKnownFileType = sourcecode.swift; path = SignInContact.swift; sourceTree = "<group>"; };
		49142D0A1EF5B55B00E3C789 /* SignInPresenter.swift */ = {isa = PBXFileReference; fileEncoding = 4; lastKnownFileType = sourcecode.swift; path = SignInPresenter.swift; sourceTree = "<group>"; };
		49142D0C1EF5B57200E3C789 /* SignInPresatationControl.swift */ = {isa = PBXFileReference; fileEncoding = 4; lastKnownFileType = sourcecode.swift; path = SignInPresatationControl.swift; sourceTree = "<group>"; };
		4983E9791EF5708600FD7B59 /* MvpStructure.app */ = {isa = PBXFileReference; explicitFileType = wrapper.application; includeInIndex = 0; path = MvpStructure.app; sourceTree = BUILT_PRODUCTS_DIR; };
		4983E97C1EF5708600FD7B59 /* AppDelegate.swift */ = {isa = PBXFileReference; lastKnownFileType = sourcecode.swift; path = AppDelegate.swift; sourceTree = "<group>"; };
		4983E97E1EF5708600FD7B59 /* ViewController.swift */ = {isa = PBXFileReference; lastKnownFileType = sourcecode.swift; path = ViewController.swift; sourceTree = "<group>"; };
		4983E9811EF5708600FD7B59 /* Base */ = {isa = PBXFileReference; lastKnownFileType = file.storyboard; name = Base; path = Base.lproj/Main.storyboard; sourceTree = "<group>"; };
		4983E9831EF5708600FD7B59 /* Assets.xcassets */ = {isa = PBXFileReference; lastKnownFileType = folder.assetcatalog; path = Assets.xcassets; sourceTree = "<group>"; };
		4983E9861EF5708600FD7B59 /* Base */ = {isa = PBXFileReference; lastKnownFileType = file.storyboard; name = Base; path = Base.lproj/LaunchScreen.storyboard; sourceTree = "<group>"; };
		4983E9881EF5708600FD7B59 /* Info.plist */ = {isa = PBXFileReference; lastKnownFileType = text.plist.xml; path = Info.plist; sourceTree = "<group>"; };
		4983E98F1EF570AA00FD7B59 /* TestMVPContract.swift */ = {isa = PBXFileReference; fileEncoding = 4; lastKnownFileType = sourcecode.swift; path = TestMVPContract.swift; sourceTree = "<group>"; };
		4983E9901EF570AA00FD7B59 /* TestMVPPresentationControl.swift */ = {isa = PBXFileReference; fileEncoding = 4; lastKnownFileType = sourcecode.swift; path = TestMVPPresentationControl.swift; sourceTree = "<group>"; };
		4983E9911EF570AA00FD7B59 /* TestMVPPresenter.swift */ = {isa = PBXFileReference; fileEncoding = 4; lastKnownFileType = sourcecode.swift; path = TestMVPPresenter.swift; sourceTree = "<group>"; };
		4983E9921EF570AA00FD7B59 /* TestMVPViewController.swift */ = {isa = PBXFileReference; fileEncoding = 4; lastKnownFileType = sourcecode.swift; path = TestMVPViewController.swift; sourceTree = "<group>"; };
		4983E9981EF5782000FD7B59 /* ListTableView.swift */ = {isa = PBXFileReference; fileEncoding = 4; lastKnownFileType = sourcecode.swift; path = ListTableView.swift; sourceTree = "<group>"; };
		4983E99A1EF5783B00FD7B59 /* CellUserDetails.swift */ = {isa = PBXFileReference; fileEncoding = 4; lastKnownFileType = sourcecode.swift; path = CellUserDetails.swift; sourceTree = "<group>"; };
		4983E99D1EF579FE00FD7B59 /* Products.swift */ = {isa = PBXFileReference; fileEncoding = 4; lastKnownFileType = sourcecode.swift; path = Products.swift; sourceTree = "<group>"; };
/* End PBXFileReference section */

/* Begin PBXFrameworksBuildPhase section */
		4983E9761EF5708600FD7B59 /* Frameworks */ = {
			isa = PBXFrameworksBuildPhase;
			buildActionMask = 2147483647;
			files = (
			);
			runOnlyForDeploymentPostprocessing = 0;
		};
/* End PBXFrameworksBuildPhase section */

/* Begin PBXGroup section */
		49142D051EF5B38300E3C789 /* SignInViewController */ = {
			isa = PBXGroup;
			children = (
				49142D061EF5B4DA00E3C789 /* SignInViewController.swift */,
				49142D081EF5B54B00E3C789 /* SignInContact.swift */,
				49142D0A1EF5B55B00E3C789 /* SignInPresenter.swift */,
				49142D0C1EF5B57200E3C789 /* SignInPresatationControl.swift */,
			);
			path = SignInViewController;
			sourceTree = "<group>";
		};
		4983E9701EF5708600FD7B59 = {
			isa = PBXGroup;
			children = (
				4983E97B1EF5708600FD7B59 /* MvpStructure */,
				4983E97A1EF5708600FD7B59 /* Products */,
			);
			sourceTree = "<group>";
		};
		4983E97A1EF5708600FD7B59 /* Products */ = {
			isa = PBXGroup;
			children = (
				4983E9791EF5708600FD7B59 /* MvpStructure.app */,
			);
			name = Products;
			sourceTree = "<group>";
		};
		4983E97B1EF5708600FD7B59 /* MvpStructure */ = {
			isa = PBXGroup;
			children = (
				49142D051EF5B38300E3C789 /* SignInViewController */,
				4983E99C1EF579ED00FD7B59 /* Models */,
				4983E9971EF5780600FD7B59 /* TableView */,
				4983E98E1EF570AA00FD7B59 /* TestMVPController */,
				4983E97C1EF5708600FD7B59 /* AppDelegate.swift */,
				4983E97E1EF5708600FD7B59 /* ViewController.swift */,
				4983E9801EF5708600FD7B59 /* Main.storyboard */,
				4983E9831EF5708600FD7B59 /* Assets.xcassets */,
				4983E9851EF5708600FD7B59 /* LaunchScreen.storyboard */,
				4983E9881EF5708600FD7B59 /* Info.plist */,
			);
			path = MvpStructure;
			sourceTree = "<group>";
		};
		4983E98E1EF570AA00FD7B59 /* TestMVPController */ = {
			isa = PBXGroup;
			children = (
				4983E98F1EF570AA00FD7B59 /* TestMVPContract.swift */,
				4983E9921EF570AA00FD7B59 /* TestMVPViewController.swift */,
				4983E9911EF570AA00FD7B59 /* TestMVPPresenter.swift */,
				4983E9901EF570AA00FD7B59 /* TestMVPPresentationControl.swift */,
			);
			path = TestMVPController;
			sourceTree = "<group>";
		};
		4983E9971EF5780600FD7B59 /* TableView */ = {
			isa = PBXGroup;
			children = (
				4983E9981EF5782000FD7B59 /* ListTableView.swift */,
				4983E99A1EF5783B00FD7B59 /* CellUserDetails.swift */,
			);
			path = TableView;
			sourceTree = "<group>";
		};
		4983E99C1EF579ED00FD7B59 /* Models */ = {
			isa = PBXGroup;
			children = (
				4983E99D1EF579FE00FD7B59 /* Products.swift */,
			);
			path = Models;
			sourceTree = "<group>";
		};
/* End PBXGroup section */

/* Begin PBXNativeTarget section */
		4983E9781EF5708600FD7B59 /* MvpStructure */ = {
			isa = PBXNativeTarget;
			buildConfigurationList = 4983E98B1EF5708600FD7B59 /* Build configuration list for PBXNativeTarget "MvpStructure" */;
			buildPhases = (
				4983E9751EF5708600FD7B59 /* Sources */,
				4983E9761EF5708600FD7B59 /* Frameworks */,
				4983E9771EF5708600FD7B59 /* Resources */,
			);
			buildRules = (
			);
			dependencies = (
			);
			name = MvpStructure;
			productName = MvpStructure;
			productReference = 4983E9791EF5708600FD7B59 /* MvpStructure.app */;
			productType = "com.apple.product-type.application";
		};
/* End PBXNativeTarget section */

/* Begin PBXProject section */
		4983E9711EF5708600FD7B59 /* Project object */ = {
			isa = PBXProject;
			attributes = {
				LastSwiftUpdateCheck = 0820;
				LastUpgradeCheck = 0820;
				ORGANIZATIONNAME = "Urvish Patel";
				TargetAttributes = {
					4983E9781EF5708600FD7B59 = {
						CreatedOnToolsVersion = 8.2.1;
						DevelopmentTeam = ZW3HHM7QJB;
						ProvisioningStyle = Automatic;
					};
				};
			};
			buildConfigurationList = 4983E9741EF5708600FD7B59 /* Build configuration list for PBXProject "MvpStructure" */;
			compatibilityVersion = "Xcode 3.2";
			developmentRegion = English;
			hasScannedForEncodings = 0;
			knownRegions = (
				en,
				Base,
			);
			mainGroup = 4983E9701EF5708600FD7B59;
			productRefGroup = 4983E97A1EF5708600FD7B59 /* Products */;
			projectDirPath = "";
			projectRoot = "";
			targets = (
				4983E9781EF5708600FD7B59 /* MvpStructure */,
			);
		};
/* End PBXProject section */

/* Begin PBXResourcesBuildPhase section */
		4983E9771EF5708600FD7B59 /* Resources */ = {
			isa = PBXResourcesBuildPhase;
			buildActionMask = 2147483647;
			files = (
				4983E9871EF5708600FD7B59 /* LaunchScreen.storyboard in Resources */,
				4983E9841EF5708600FD7B59 /* Assets.xcassets in Resources */,
				4983E9821EF5708600FD7B59 /* Main.storyboard in Resources */,
			);
			runOnlyForDeploymentPostprocessing = 0;
		};
/* End PBXResourcesBuildPhase section */

/* Begin PBXSourcesBuildPhase section */
		4983E9751EF5708600FD7B59 /* Sources */ = {
			isa = PBXSourcesBuildPhase;
			buildActionMask = 2147483647;
			files = (
				49142D0B1EF5B55B00E3C789 /* SignInPresenter.swift in Sources */,
				4983E99E1EF579FE00FD7B59 /* Products.swift in Sources */,
				49142D091EF5B54B00E3C789 /* SignInContact.swift in Sources */,
				4983E9991EF5782000FD7B59 /* ListTableView.swift in Sources */,
				4983E9961EF570AA00FD7B59 /* TestMVPViewController.swift in Sources */,
				49142D0D1EF5B57200E3C789 /* SignInPresatationControl.swift in Sources */,
				4983E97F1EF5708600FD7B59 /* ViewController.swift in Sources */,
				4983E97D1EF5708600FD7B59 /* AppDelegate.swift in Sources */,
				4983E9951EF570AA00FD7B59 /* TestMVPPresenter.swift in Sources */,
				4983E99B1EF5783B00FD7B59 /* CellUserDetails.swift in Sources */,
				4983E9941EF570AA00FD7B59 /* TestMVPPresentationControl.swift in Sources */,
				49142D071EF5B4DA00E3C789 /* SignInViewController.swift in Sources */,
				4983E9931EF570AA00FD7B59 /* TestMVPContract.swift in Sources */,
			);
			runOnlyForDeploymentPostprocessing = 0;
		};
/* End PBXSourcesBuildPhase section */

/* Begin PBXVariantGroup section */
		4983E9801EF5708600FD7B59 /* Main.storyboard */ = {
			isa = PBXVariantGroup;
			children = (
				4983E9811EF5708600FD7B59 /* Base */,
			);
			name = Main.storyboard;
			sourceTree = "<group>";
		};
		4983E9851EF5708600FD7B59 /* LaunchScreen.storyboard */ = {
			isa = PBXVariantGroup;
			children = (
				4983E9861EF5708600FD7B59 /* Base */,
			);
			name = LaunchScreen.storyboard;
			sourceTree = "<group>";
		};
/* End PBXVariantGroup section */

/* Begin XCBuildConfiguration section */
		4983E9891EF5708600FD7B59 /* Debug */ = {
			isa = XCBuildConfiguration;
			buildSettings = {
				ALWAYS_SEARCH_USER_PATHS = NO;
				CLANG_ANALYZER_NONNULL = YES;
				CLANG_CXX_LANGUAGE_STANDARD = "gnu++0x";
				CLANG_CXX_LIBRARY = "libc++";
				CLANG_ENABLE_MODULES = YES;
				CLANG_ENABLE_OBJC_ARC = YES;
				CLANG_WARN_BOOL_CONVERSION = YES;
				CLANG_WARN_CONSTANT_CONVERSION = YES;
				CLANG_WARN_DIRECT_OBJC_ISA_USAGE = YES_ERROR;
				CLANG_WARN_DOCUMENTATION_COMMENTS = YES;
				CLANG_WARN_EMPTY_BODY = YES;
				CLANG_WARN_ENUM_CONVERSION = YES;
				CLANG_WARN_INFINITE_RECURSION = YES;
				CLANG_WARN_INT_CONVERSION = YES;
				CLANG_WARN_OBJC_ROOT_CLASS = YES_ERROR;
				CLANG_WARN_SUSPICIOUS_MOVE = YES;
				CLANG_WARN_UNREACHABLE_CODE = YES;
				CLANG_WARN__DUPLICATE_METHOD_MATCH = YES;
				"CODE_SIGN_IDENTITY[sdk=iphoneos*]" = "iPhone Developer";
				COPY_PHASE_STRIP = NO;
				DEBUG_INFORMATION_FORMAT = dwarf;
				ENABLE_STRICT_OBJC_MSGSEND = YES;
				ENABLE_TESTABILITY = YES;
				GCC_C_LANGUAGE_STANDARD = gnu99;
				GCC_DYNAMIC_NO_PIC = NO;
				GCC_NO_COMMON_BLOCKS = YES;
				GCC_OPTIMIZATION_LEVEL = 0;
				GCC_PREPROCESSOR_DEFINITIONS = (
					"DEBUG=1",
					"$(inherited)",
				);
				GCC_WARN_64_TO_32_BIT_CONVERSION = YES;
				GCC_WARN_ABOUT_RETURN_TYPE = YES_ERROR;
				GCC_WARN_UNDECLARED_SELECTOR = YES;
				GCC_WARN_UNINITIALIZED_AUTOS = YES_AGGRESSIVE;
				GCC_WARN_UNUSED_FUNCTION = YES;
				GCC_WARN_UNUSED_VARIABLE = YES;
				IPHONEOS_DEPLOYMENT_TARGET = 10.2;
				MTL_ENABLE_DEBUG_INFO = YES;
				ONLY_ACTIVE_ARCH = YES;
				SDKROOT = iphoneos;
				SWIFT_ACTIVE_COMPILATION_CONDITIONS = DEBUG;
				SWIFT_OPTIMIZATION_LEVEL = "-Onone";
			};
			name = Debug;
		};
		4983E98A1EF5708600FD7B59 /* Release */ = {
			isa = XCBuildConfiguration;
			buildSettings = {
				ALWAYS_SEARCH_USER_PATHS = NO;
				CLANG_ANALYZER_NONNULL = YES;
				CLANG_CXX_LANGUAGE_STANDARD = "gnu++0x";
				CLANG_CXX_LIBRARY = "libc++";
				CLANG_ENABLE_MODULES = YES;
				CLANG_ENABLE_OBJC_ARC = YES;
				CLANG_WARN_BOOL_CONVERSION = YES;
				CLANG_WARN_CONSTANT_CONVERSION = YES;
				CLANG_WARN_DIRECT_OBJC_ISA_USAGE = YES_ERROR;
				CLANG_WARN_DOCUMENTATION_COMMENTS = YES;
				CLANG_WARN_EMPTY_BODY = YES;
				CLANG_WARN_ENUM_CONVERSION = YES;
				CLANG_WARN_INFINITE_RECURSION = YES;
				CLANG_WARN_INT_CONVERSION = YES;
				CLANG_WARN_OBJC_ROOT_CLASS = YES_ERROR;
				CLANG_WARN_SUSPICIOUS_MOVE = YES;
				CLANG_WARN_UNREACHABLE_CODE = YES;
				CLANG_WARN__DUPLICATE_METHOD_MATCH = YES;
				"CODE_SIGN_IDENTITY[sdk=iphoneos*]" = "iPhone Developer";
				COPY_PHASE_STRIP = NO;
				DEBUG_INFORMATION_FORMAT = "dwarf-with-dsym";
				ENABLE_NS_ASSERTIONS = NO;
				ENABLE_STRICT_OBJC_MSGSEND = YES;
				GCC_C_LANGUAGE_STANDARD = gnu99;
				GCC_NO_COMMON_BLOCKS = YES;
				GCC_WARN_64_TO_32_BIT_CONVERSION = YES;
				GCC_WARN_ABOUT_RETURN_TYPE = YES_ERROR;
				GCC_WARN_UNDECLARED_SELECTOR = YES;
				GCC_WARN_UNINITIALIZED_AUTOS = YES_AGGRESSIVE;
				GCC_WARN_UNUSED_FUNCTION = YES;
				GCC_WARN_UNUSED_VARIABLE = YES;
				IPHONEOS_DEPLOYMENT_TARGET = 10.2;
				MTL_ENABLE_DEBUG_INFO = NO;
				SDKROOT = iphoneos;
				SWIFT_OPTIMIZATION_LEVEL = "-Owholemodule";
				VALIDATE_PRODUCT = YES;
			};
			name = Release;
		};
		4983E98C1EF5708600FD7B59 /* Debug */ = {
			isa = XCBuildConfiguration;
			buildSettings = {
				ASSETCATALOG_COMPILER_APPICON_NAME = AppIcon;
				DEVELOPMENT_TEAM = ZW3HHM7QJB;
				INFOPLIST_FILE = MvpStructure/Info.plist;
				LD_RUNPATH_SEARCH_PATHS = "$(inherited) @executable_path/Frameworks";
				PRODUCT_BUNDLE_IDENTIFIER = shreeji.MvpStructure;
				PRODUCT_NAME = "$(TARGET_NAME)";
				SWIFT_VERSION = 3.0;
			};
			name = Debug;
		};
		4983E98D1EF5708600FD7B59 /* Release */ = {
			isa = XCBuildConfiguration;
			buildSettings = {
				ASSETCATALOG_COMPILER_APPICON_NAME = AppIcon;
				DEVELOPMENT_TEAM = ZW3HHM7QJB;
				INFOPLIST_FILE = MvpStructure/Info.plist;
				LD_RUNPATH_SEARCH_PATHS = "$(inherited) @executable_path/Frameworks";
				PRODUCT_BUNDLE_IDENTIFIER = shreeji.MvpStructure;
				PRODUCT_NAME = "$(TARGET_NAME)";
				SWIFT_VERSION = 3.0;
			};
			name = Release;
		};
/* End XCBuildConfiguration section */

/* Begin XCConfigurationList section */
		4983E9741EF5708600FD7B59 /* Build configuration list for PBXProject "MvpStructure" */ = {
			isa = XCConfigurationList;
			buildConfigurations = (
				4983E9891EF5708600FD7B59 /* Debug */,
				4983E98A1EF5708600FD7B59 /* Release */,
			);
			defaultConfigurationIsVisible = 0;
			defaultConfigurationName = Release;
		};
		4983E98B1EF5708600FD7B59 /* Build configuration list for PBXNativeTarget "MvpStructure" */ = {
			isa = XCConfigurationList;
			buildConfigurations = (
				4983E98C1EF5708600FD7B59 /* Debug */,
				4983E98D1EF5708600FD7B59 /* Release */,
			);
			defaultConfigurationIsVisible = 0;
			defaultConfigurationName = Release;
		};
/* End XCConfigurationList section */
	};
	rootObject = 4983E9711EF5708600FD7B59 /* Project object */;
}
